{
  "name": "BlankUp",
  "version": "1.1.0",
  "lockfileVersion": 1,
  "requires": true,
  "dependencies": {
    "bel": {
      "version": "5.1.2",
      "resolved": "https://registry.npmjs.org/bel/-/bel-5.1.2.tgz",
      "integrity": "sha1-PWYl7qvkAUM4cUvEnqz18lPqeNM=",
      "requires": {
        "hyperx": "2.3.0",
        "is-electron": "2.1.0",
        "pelo": "0.0.3"
      }
    },
    "BlankUp": {
      "version": "0.2.0",
      "resolved": "https://registry.npmjs.org/BlankUp/-/BlankUp-0.2.0.tgz",
      "integrity": "sha1-Re4Zv0J+beO6h5q+iR5kU/dA/eA="
    },
    "choo": {
      "version": "6.1.0",
      "resolved": "https://registry.npmjs.org/choo/-/choo-6.1.0.tgz",
      "integrity": "sha512-IdRMFD/qoE0TFi3P8JfQwa19GRs3VBy6JyTaWclojRRuiSi0qsSAy0MPNnbL7GvytzbNKuPQx5zq02fjCcDxIw==",
      "requires": {
        "bel": "5.1.2",
        "document-ready": "2.0.1",
        "nanobus": "4.2.0",
        "nanohref": "3.0.0",
        "nanolocation": "1.0.0",
        "nanomorph": "5.1.3",
        "nanoquery": "1.1.0",
        "nanoraf": "3.0.1",
        "nanorouter": "2.1.0",
        "nanotiming": "6.1.3",
        "scroll-to-anchor": "1.1.0",
        "xtend": "4.0.1"
      }
    },
    "choo-devtools": {
      "version": "1.3.1",
      "resolved": "https://registry.npmjs.org/choo-devtools/-/choo-devtools-1.3.1.tgz",
      "integrity": "sha512-hnVCNJFYt8+k7whfGkbtzN9pg/Elyqz5DzpDnKHCKAN6mVfQPrDhMKyPZA2xMOZpn5BZHTEk9MGc8Y7e+VyN9A==",
      "requires": {
        "on-idle": "3.1.2",
        "plucker": "0.0.0",
        "remove-array-items": "1.0.0",
        "state-copy": "1.0.2"
      }
    },
    "choo-log": {
      "version": "7.2.1",
      "resolved": "https://registry.npmjs.org/choo-log/-/choo-log-7.2.1.tgz",
      "integrity": "sha1-sTrCLcKTzUvu94GdxWhMAOwVqoM=",
      "requires": {
        "nanologger": "1.3.1",
        "on-idle": "3.1.2",
        "on-performance": "1.0.1"
      }
    },
    "choo-reload": {
      "version": "1.1.1",
      "resolved": "https://registry.npmjs.org/choo-reload/-/choo-reload-1.1.1.tgz",
      "integrity": "sha512-HN6WkxG7cBWIy5r5slDBXs8xKLenQ7+jqJwEV6O9gxsIXfgZxasIi5vCuK/3mT+ITs4N2KWax3nTLnlZgOmw9Q==",
      "requires": {
        "nanologger": "1.3.1"
      }
    },
    "copy-text-to-clipboard": {
      "version": "1.0.3",
      "resolved": "https://registry.npmjs.org/copy-text-to-clipboard/-/copy-text-to-clipboard-1.0.3.tgz",
      "integrity": "sha1-aWYs0wVJPJJcAqOEy8rnbWQtd/M="
    },
    "document-ready": {
      "version": "2.0.1",
      "resolved": "https://registry.npmjs.org/document-ready/-/document-ready-2.0.1.tgz",
      "integrity": "sha1-PjvzHTI1uU4jLnssX6GmNOhzuuQ="
    },
    "fast-safe-stringify": {
      "version": "1.2.0",
      "resolved": "https://registry.npmjs.org/fast-safe-stringify/-/fast-safe-stringify-1.2.0.tgz",
      "integrity": "sha1-69QmZv0Y/k8rpPDSlQZfP4XK3pY="
    },
    "font-awesome": {
      "version": "4.7.0",
      "resolved": "https://registry.npmjs.org/font-awesome/-/font-awesome-4.7.0.tgz",
      "integrity": "sha1-j6jPBBGhoxr9B7BtKQK7n8gVoTM="
    },
    "hyperscript-attribute-to-property": {
      "version": "1.0.0",
      "resolved": "https://registry.npmjs.org/hyperscript-attribute-to-property/-/hyperscript-attribute-to-property-1.0.0.tgz",
      "integrity": "sha1-glMI1Ju44pV5I/cxmBvMgRytev8="
    },
    "hyperx": {
      "version": "2.3.0",
      "resolved": "https://registry.npmjs.org/hyperx/-/hyperx-2.3.0.tgz",
      "integrity": "sha1-cPRz1m1K1VDd0cg+S+JlEna78eI=",
      "requires": {
        "hyperscript-attribute-to-property": "1.0.0"
      }
    },
    "is-electron": {
      "version": "2.1.0",
      "resolved": "https://registry.npmjs.org/is-electron/-/is-electron-2.1.0.tgz",
      "integrity": "sha512-dkg5xT383+M6zIbbXW/z7n2nz4SFUi2OSyhntnFYkRdtV+HVEfdjEK+5AWisfYgkpe3WYjTIuh7toaKmSfFVWw=="
    },
    "nanoassert": {
      "version": "1.1.0",
      "resolved": "https://registry.npmjs.org/nanoassert/-/nanoassert-1.1.0.tgz",
      "integrity": "sha1-TzFS4JVA/eKMdvRLGbvNHVpCR40="
    },
    "nanobus": {
      "version": "4.2.0",
      "resolved": "https://registry.npmjs.org/nanobus/-/nanobus-4.2.0.tgz",
      "integrity": "sha1-T/6wNlsDPXp8xPDI7lyMGqmzK6w=",
      "requires": {
        "nanotiming": "6.1.3",
        "remove-array-items": "1.0.0"
      }
    },
    "nanohref": {
      "version": "3.0.0",
      "resolved": "https://registry.npmjs.org/nanohref/-/nanohref-3.0.0.tgz",
      "integrity": "sha1-wysD4KJY+1/pELtqT+yoESC5RHI="
    },
    "nanolocation": {
      "version": "1.0.0",
      "resolved": "https://registry.npmjs.org/nanolocation/-/nanolocation-1.0.0.tgz",
      "integrity": "sha1-FbXHrwWJXRqfIfDRNkldmURQaGs="
    },
    "nanologger": {
      "version": "1.3.1",
      "resolved": "https://registry.npmjs.org/nanologger/-/nanologger-1.3.1.tgz",
      "integrity": "sha1-2oFniH8h7l8tiBv+Wwdc62xZXKk=",
      "requires": {
        "xtend": "4.0.1"
      }
    },
    "nanomorph": {
      "version": "5.1.3",
      "resolved": "https://registry.npmjs.org/nanomorph/-/nanomorph-5.1.3.tgz",
      "integrity": "sha512-VydkKjFWU/DAO0R10awFASRNXQKHrZUMdMIiNcdmWm+IhuifuPOw/dDtpiQ1cNROF8f3ATPrcKRVarEayQJOqA==",
      "requires": {
        "nanoassert": "1.1.0"
      }
    },
    "nanoquery": {
      "version": "1.1.0",
      "resolved": "https://registry.npmjs.org/nanoquery/-/nanoquery-1.1.0.tgz",
      "integrity": "sha1-g6giCTNAygU9aW7IYKEKWsTDtEI="
    },
    "nanoraf": {
      "version": "3.0.1",
      "resolved": "https://registry.npmjs.org/nanoraf/-/nanoraf-3.0.1.tgz",
      "integrity": "sha1-q5+5wle5rcxx2CmCy1jY+jUDdko="
    },
    "nanorouter": {
      "version": "2.1.0",
      "resolved": "https://registry.npmjs.org/nanorouter/-/nanorouter-2.1.0.tgz",
      "integrity": "sha1-T8r5YgOgCJjaiRiLG/9aj8Bu9P8=",
      "requires": {
        "wayfarer": "6.6.2"
      }
    },
    "nanotiming": {
      "version": "6.1.3",
      "resolved": "https://registry.npmjs.org/nanotiming/-/nanotiming-6.1.3.tgz",
      "integrity": "sha512-1PaTW4nyeYVKhPdydxl5u0tQn33C5Raf48lOKFKrKTUWmVlWdJkJKsqyYzGQ4jU43Da6NpyvAUzdZlfVs7RhPA==",
      "requires": {
        "on-idle": "3.1.2"
      }
    },
    "on-idle": {
      "version": "3.1.2",
      "resolved": "https://registry.npmjs.org/on-idle/-/on-idle-3.1.2.tgz",
      "integrity": "sha512-NRB0PAuE8LvWBtaN5b65U/vEWVLQPqUfSDOK6gf5BgfXa2WelSopZj4NkSR0MoqYsk28ugYpcdDpaYANV2WKEA=="
    },
    "on-performance": {
      "version": "1.0.1",
      "resolved": "https://registry.npmjs.org/on-performance/-/on-performance-1.0.1.tgz",
      "integrity": "sha1-4RckEg5lpXVigimj94m4rj3T4Wc=",
      "requires": {
        "on-idle": "3.1.2"
      }
    },
    "pelo": {
      "version": "0.0.3",
      "resolved": "https://registry.npmjs.org/pelo/-/pelo-0.0.3.tgz",
      "integrity": "sha1-+2smsGEgNtsCuRj+qrPowMTLWXw="
    },
    "plucker": {
      "version": "0.0.0",
      "resolved": "https://registry.npmjs.org/plucker/-/plucker-0.0.0.tgz",
      "integrity": "sha1-L/ok4Dqyz/pOda3B33DyViPEXQk="
    },
    "remove-array-items": {
      "version": "1.0.0",
      "resolved": "https://registry.npmjs.org/remove-array-items/-/remove-array-items-1.0.0.tgz",
      "integrity": "sha1-B79CyzMvTPboXq2DteToltIyayE="
    },
    "scroll-to-anchor": {
      "version": "1.1.0",
      "resolved": "https://registry.npmjs.org/scroll-to-anchor/-/scroll-to-anchor-1.1.0.tgz",
      "integrity": "sha1-yZuNLl2VBWdSeHyngJWrdbUgs/0="
    },
    "state-copy": {
      "version": "1.0.2",
      "resolved": "https://registry.npmjs.org/state-copy/-/state-copy-1.0.2.tgz",
      "integrity": "sha512-BnV/HsPmbkcU1CjsFCBPeI0McWdRpCvTlJ/X/4Od3P6q8B6z0dikSZpgmg2aDpm6LXCdze7m8ZIUO3aZ+ETjlg==",
      "requires": {
        "copy-text-to-clipboard": "1.0.3",
        "fast-safe-stringify": "1.2.0"
      }
    },
    "wayfarer": {
      "version": "6.6.2",
      "resolved": "https://registry.npmjs.org/wayfarer/-/wayfarer-6.6.2.tgz",
      "integrity": "sha512-jwIufUN6EYfMeCJYBA8r0YytqHaSGACLtOddMeBtdq5gTo2F2XgK+t7eEXSPUBF9vm+hdI/iPOtSz1EJOd01dQ==",
      "requires": {
        "xtend": "4.0.1"
      }
    },
    "xtend": {
      "version": "4.0.1",
      "resolved": "https://registry.npmjs.org/xtend/-/xtend-4.0.1.tgz",
      "integrity": "sha1-pcbVMr5lbiPbgg77lDofBJmNY68="
    }
  }
}
